
Microsoft Visual Studio Solution File, Format Version 12.00
# Visual Studio Version 17
VisualStudioVersion = 17.11.35312.102
MinimumVisualStudioVersion = 10.0.40219.1
Project("{F184B08F-C81C-45F6-A57F-5ABD9991F28F}") = "semilleros", "semilleros\semilleros.vbproj", "{944DD905-DB8D-4C41-B52C-0268C542696A}"
EndProject
Global
	GlobalSection(SolutionConfigurationPlatforms) = preSolution
		Debug|Any CPU = Debug|Any CPU
		Release|Any CPU = Release|Any CPU
	EndGlobalSection
	GlobalSection(ProjectConfigurationPlatforms) = postSolution
		{944DD905-DB8D-4C41-B52C-0268C542696A}.Debug|Any CPU.ActiveCfg = Debug|Any CPU
		{944DD905-DB8D-4C41-B52C-0268C542696A}.Debug|Any CPU.Build.0 = Debug|Any CPU
		{944DD905-DB8D-4C41-B52C-0268C542696A}.Release|Any CPU.ActiveCfg = Release|Any CPU
		{944DD905-DB8D-4C41-B52C-0268C542696A}.Release|Any CPU.Build.0 = Release|Any CPU
	EndGlobalSection
	GlobalSection(SolutionProperties) = preSolution
		HideSolutionNode = FALSE
	EndGlobalSection
	GlobalSection(ExtensibilityGlobals) = postSolution
		SolutionGuid = {187C7345-23E8-45A2-AD3C-656C9FC2B1AF}
	EndGlobalSection
EndGlobal
